
Microsoft Visual Studio Solution File, Format Version 12.00
# Visual Studio Version 16
VisualStudioVersion = 16.0.30011.22
MinimumVisualStudioVersion = 10.0.40219.1
Project("{FAE04EC0-301F-11D3-BF4B-00C04F79EFBC}") = "Edi.RouteDebugger", "Edi.RouteDebugger\Edi.RouteDebugger.csproj", "{0C3EBB69-CE6A-404C-94C1-5CCCDA4C3390}"
EndProject
Project("{FAE04EC0-301F-11D3-BF4B-00C04F79EFBC}") = "SampleWebApp", "SampleWebApp\SampleWebApp.csproj", "{E8A05AD3-DC5A-4A6B-B98D-2B7A253AB114}"
EndProject
Project("{2150E333-8FDC-42A3-9474-1A3956D46DE8}") = "Solution Items", "Solution Items", "{D47F1AD7-C4BE-47C6-BEAF-D4A1FE4F1A76}"
	ProjectSection(SolutionItems) = preProject
		..\.gitattributes = ..\.gitattributes
		..\.gitignore = ..\.gitignore
		..\LICENSE = ..\LICENSE
		..\README.md = ..\README.md
	EndProjectSection
EndProject
Global
	GlobalSection(SolutionConfigurationPlatforms) = preSolution
		Debug|Any CPU = Debug|Any CPU
		Release|Any CPU = Release|Any CPU
	EndGlobalSection
	GlobalSection(ProjectConfigurationPlatforms) = postSolution
		{0C3EBB69-CE6A-404C-94C1-5CCCDA4C3390}.Debug|Any CPU.ActiveCfg = Debug|Any CPU
		{0C3EBB69-CE6A-404C-94C1-5CCCDA4C3390}.Debug|Any CPU.Build.0 = Debug|Any CPU
		{0C3EBB69-CE6A-404C-94C1-5CCCDA4C3390}.Release|Any CPU.ActiveCfg = Release|Any CPU
		{0C3EBB69-CE6A-404C-94C1-5CCCDA4C3390}.Release|Any CPU.Build.0 = Release|Any CPU
		{E8A05AD3-DC5A-4A6B-B98D-2B7A253AB114}.Debug|Any CPU.ActiveCfg = Debug|Any CPU
		{E8A05AD3-DC5A-4A6B-B98D-2B7A253AB114}.Debug|Any CPU.Build.0 = Debug|Any CPU
		{E8A05AD3-DC5A-4A6B-B98D-2B7A253AB114}.Release|Any CPU.ActiveCfg = Release|Any CPU
		{E8A05AD3-DC5A-4A6B-B98D-2B7A253AB114}.Release|Any CPU.Build.0 = Release|Any CPU
	EndGlobalSection
	GlobalSection(SolutionProperties) = preSolution
		HideSolutionNode = FALSE
	EndGlobalSection
	GlobalSection(ExtensibilityGlobals) = postSolution
		SolutionGuid = {37E08460-33C8-4B6C-9C39-89D293B5B1F0}
	EndGlobalSection
EndGlobal
