<Solution>
  <Folder Name="/Solution Items/">
    <File Path="../.gitattributes" />
    <File Path="../.gitignore" />
    <File Path="../LICENSE" />
    <File Path="../README.md" />
  </Folder>
  <Project Path="Edi.RouteDebugger/Edi.RouteDebugger.csproj" />
  <Project Path="SampleWebApp/SampleWebApp.csproj" />
</Solution>
